
Microsoft Visual Studio Solution File, Format Version 12.00
# Visual Studio 2015
Project("{FAE04EC0-301F-11D3-BF4B-00C04F79EFBC}") = "Reason For Imbalance.CSharp.Plugins", "Reason For Imbalance.CSharp.Plugins.csproj", "{D08E7D19-1887-3A8B-D5F7-17CDA4BD469F}"
EndProject
Project("{FAE04EC0-301F-11D3-BF4B-00C04F79EFBC}") = "Reason For Imbalance.CSharp", "Reason For Imbalance.CSharp.csproj", "{4BFAD843-76FF-CA1D-6105-08329575D628}"
EndProject
Project("{FAE04EC0-301F-11D3-BF4B-00C04F79EFBC}") = "Reason For Imbalance.CSharp.Editor", "Reason For Imbalance.CSharp.Editor.csproj", "{9DAE449C-B726-D5F9-D397-AE41E82F6EC2}"
EndProject
Global
	GlobalSection(SolutionConfigurationPlatforms) = preSolution
		Debug|Any CPU = Debug|Any CPU
		Release|Any CPU = Release|Any CPU
	EndGlobalSection
	GlobalSection(ProjectConfigurationPlatforms) = postSolution
		{D08E7D19-1887-3A8B-D5F7-17CDA4BD469F}.Debug|Any CPU.ActiveCfg = Debug|Any CPU
		{D08E7D19-1887-3A8B-D5F7-17CDA4BD469F}.Debug|Any CPU.Build.0 = Debug|Any CPU
		{D08E7D19-1887-3A8B-D5F7-17CDA4BD469F}.Release|Any CPU.ActiveCfg = Release|Any CPU
		{D08E7D19-1887-3A8B-D5F7-17CDA4BD469F}.Release|Any CPU.Build.0 = Release|Any CPU
		{4BFAD843-76FF-CA1D-6105-08329575D628}.Debug|Any CPU.ActiveCfg = Debug|Any CPU
		{4BFAD843-76FF-CA1D-6105-08329575D628}.Debug|Any CPU.Build.0 = Debug|Any CPU
		{4BFAD843-76FF-CA1D-6105-08329575D628}.Release|Any CPU.ActiveCfg = Release|Any CPU
		{4BFAD843-76FF-CA1D-6105-08329575D628}.Release|Any CPU.Build.0 = Release|Any CPU
		{9DAE449C-B726-D5F9-D397-AE41E82F6EC2}.Debug|Any CPU.ActiveCfg = Debug|Any CPU
		{9DAE449C-B726-D5F9-D397-AE41E82F6EC2}.Debug|Any CPU.Build.0 = Debug|Any CPU
		{9DAE449C-B726-D5F9-D397-AE41E82F6EC2}.Release|Any CPU.ActiveCfg = Release|Any CPU
		{9DAE449C-B726-D5F9-D397-AE41E82F6EC2}.Release|Any CPU.Build.0 = Release|Any CPU
	EndGlobalSection
	GlobalSection(SolutionProperties) = preSolution
		HideSolutionNode = FALSE
	EndGlobalSection
EndGlobal
